# This file is automatically @generated by Poetry 1.8.2 and should not be changed by hand.

[[package]]
name = "aiosqlite"
version = "0.20.0"
description = "asyncio bridge to the standard sqlite3 module"
optional = false
python-versions = ">=3.8"
files = [
    {file = "aiosqlite-0.20.0-py3-none-any.whl", hash = "sha256:36a1deaca0cac40ebe32aac9977a6e2bbc7f5189f23f4a54d5908986729e5bd6"},
    {file = "aiosqlite-0.20.0.tar.gz", hash = "sha256:6d35c8c256637f4672f843c31021464090805bf925385ac39473fb16eaaca3d7"},
]

[package.dependencies]
typing_extensions = ">=4.0"

[package.extras]
dev = ["attribution (==1.7.0)", "black (==24.2.0)", "coverage[toml] (==7.4.1)", "flake8 (==7.0.0)", "flake8-bugbear (==24.2.6)", "flit (==3.9.0)", "mypy (==1.8.0)", "ufmt (==2.3.0)", "usort (==1.0.8.post1)"]
docs = ["sphinx (==7.2.6)", "sphinx-mdinclude (==0.5.3)"]

[[package]]
name = "typing-extensions"
version = "4.12.1"
description = "Backported and Experimental Type Hints for Python 3.8+"
optional = false
python-versions = ">=3.8"
files = [
    {file = "typing_extensions-4.12.1-py3-none-any.whl", hash = "sha256:6024b58b69089e5a89c347397254e35f1bf02a907728ec7fee9bf0fe837d203a"},
    {file = "typing_extensions-4.12.1.tar.gz", hash = "sha256:915f5e35ff76f56588223f15fdd5938f9a1cf9195c0de25130c627e4d597f6d1"},
]

[metadata]
lock-version = "2.0"
python-versions = "^3.12"
content-hash = "27d02ab42ff1121dd32a646cb2515fed78e1001d4924bef835416475007afc95"
